
Microsoft Visual Studio Solution File, Format Version 12.00
# Visual Studio Version 17
VisualStudioVersion = 17.9.34701.34
MinimumVisualStudioVersion = 10.0.40219.1
Project("{FAE04EC0-301F-11D3-BF4B-00C04F79EFBC}") = "AreaLibrary", "AreaLibrary.csproj", "{1DE117EA-BA47-4F47-B0C8-94C48502F212}"
EndProject
Project("{FAE04EC0-301F-11D3-BF4B-00C04F79EFBC}") = "AreaTest", "..\AreaTest\AreaTest.csproj", "{2E89FC7B-91D2-4214-85A9-9FDAD07FE5B6}"
EndProject
Global
	GlobalSection(SolutionConfigurationPlatforms) = preSolution
		Debug|Any CPU = Debug|Any CPU
		Release|Any CPU = Release|Any CPU
	EndGlobalSection
	GlobalSection(ProjectConfigurationPlatforms) = postSolution
		{1DE117EA-BA47-4F47-B0C8-94C48502F212}.Debug|Any CPU.ActiveCfg = Debug|Any CPU
		{1DE117EA-BA47-4F47-B0C8-94C48502F212}.Debug|Any CPU.Build.0 = Debug|Any CPU
		{1DE117EA-BA47-4F47-B0C8-94C48502F212}.Release|Any CPU.ActiveCfg = Release|Any CPU
		{1DE117EA-BA47-4F47-B0C8-94C48502F212}.Release|Any CPU.Build.0 = Release|Any CPU
		{2E89FC7B-91D2-4214-85A9-9FDAD07FE5B6}.Debug|Any CPU.ActiveCfg = Debug|Any CPU
		{2E89FC7B-91D2-4214-85A9-9FDAD07FE5B6}.Debug|Any CPU.Build.0 = Debug|Any CPU
		{2E89FC7B-91D2-4214-85A9-9FDAD07FE5B6}.Release|Any CPU.ActiveCfg = Release|Any CPU
		{2E89FC7B-91D2-4214-85A9-9FDAD07FE5B6}.Release|Any CPU.Build.0 = Release|Any CPU
	EndGlobalSection
	GlobalSection(SolutionProperties) = preSolution
		HideSolutionNode = FALSE
	EndGlobalSection
	GlobalSection(ExtensibilityGlobals) = postSolution
		SolutionGuid = {C2C30944-7DB9-4D95-A0E3-EAD9D1FE61BF}
	EndGlobalSection
EndGlobal
